// !$*UTF8*$!
{
	archiveVersion = 1;
	classes = {
	};
	objectVersion = 55;
	objects = {

/* Begin PBXBuildFile section */
		558C22922795D38D00821AE4 /* Museum2022App.swift in Sources */ = {isa = PBXBuildFile; fileRef = 558C22912795D38D00821AE4 /* Museum2022App.swift */; };
		558C22942795D38D00821AE4 /* MuseumTabView.swift in Sources */ = {isa = PBXBuildFile; fileRef = 558C22932795D38D00821AE4 /* MuseumTabView.swift */; };
		558C22962795D39400821AE4 /* Assets.xcassets in Resources */ = {isa = PBXBuildFile; fileRef = 558C22952795D39400821AE4 /* Assets.xcassets */; };
		558C22992795D39400821AE4 /* Preview Assets.xcassets in Resources */ = {isa = PBXBuildFile; fileRef = 558C22982795D39400821AE4 /* Preview Assets.xcassets */; };
		558C22A52795D41B00821AE4 /* MuseumModel.swift in Sources */ = {isa = PBXBuildFile; fileRef = 558C22A42795D41B00821AE4 /* MuseumModel.swift */; };
		558C22A72795D43C00821AE4 /* Museum.swift in Sources */ = {isa = PBXBuildFile; fileRef = 558C22A62795D43C00821AE4 /* Museum.swift */; };
		558C22A92795D44E00821AE4 /* DataService.swift in Sources */ = {isa = PBXBuildFile; fileRef = 558C22A82795D44E00821AE4 /* DataService.swift */; };
		558C22AD2795D49600821AE4 /* MuseumDetailView.swift in Sources */ = {isa = PBXBuildFile; fileRef = 558C22AC2795D49600821AE4 /* MuseumDetailView.swift */; };
		558C22AF2795D4A800821AE4 /* FamousView.swift in Sources */ = {isa = PBXBuildFile; fileRef = 558C22AE2795D4A800821AE4 /* FamousView.swift */; };
		558C22B12795D4C000821AE4 /* MuseumCardView.swift in Sources */ = {isa = PBXBuildFile; fileRef = 558C22B02795D4C000821AE4 /* MuseumCardView.swift */; };
		558C22B32795D4D100821AE4 /* buttons.swift in Sources */ = {isa = PBXBuildFile; fileRef = 558C22B22795D4D100821AE4 /* buttons.swift */; };
		558C22B52795D4EA00821AE4 /* UserHomeView.swift in Sources */ = {isa = PBXBuildFile; fileRef = 558C22B42795D4EA00821AE4 /* UserHomeView.swift */; };
		558C22B72795D4FE00821AE4 /* SettingView.swift in Sources */ = {isa = PBXBuildFile; fileRef = 558C22B62795D4FE00821AE4 /* SettingView.swift */; };
		558C22B92795D51100821AE4 /* ArchieveView.swift in Sources */ = {isa = PBXBuildFile; fileRef = 558C22B82795D51100821AE4 /* ArchieveView.swift */; };
		558C22BB2795D52300821AE4 /* FavoritesView.swift in Sources */ = {isa = PBXBuildFile; fileRef = 558C22BA2795D52300821AE4 /* FavoritesView.swift */; };
		558C22BD2795D53D00821AE4 /* WishView.swift in Sources */ = {isa = PBXBuildFile; fileRef = 558C22BC2795D53D00821AE4 /* WishView.swift */; };
		558C22BF2795D54900821AE4 /* ListView.swift in Sources */ = {isa = PBXBuildFile; fileRef = 558C22BE2795D54900821AE4 /* ListView.swift */; };
		558C22C12795D56600821AE4 /* data.json in Resources */ = {isa = PBXBuildFile; fileRef = 558C22C02795D56600821AE4 /* data.json */; };
		558C22C32795D7EF00821AE4 /* BrowseView.swift in Sources */ = {isa = PBXBuildFile; fileRef = 558C22C22795D7EF00821AE4 /* BrowseView.swift */; };
/* End PBXBuildFile section */

/* Begin PBXFileReference section */
		558C228E2795D38D00821AE4 /* Museum2022.app */ = {isa = PBXFileReference; explicitFileType = wrapper.application; includeInIndex = 0; path = Museum2022.app; sourceTree = BUILT_PRODUCTS_DIR; };
		558C22912795D38D00821AE4 /* Museum2022App.swift */ = {isa = PBXFileReference; lastKnownFileType = sourcecode.swift; path = Museum2022App.swift; sourceTree = "<group>"; };
		558C22932795D38D00821AE4 /* MuseumTabView.swift */ = {isa = PBXFileReference; lastKnownFileType = sourcecode.swift; path = MuseumTabView.swift; sourceTree = "<group>"; };
		558C22952795D39400821AE4 /* Assets.xcassets */ = {isa = PBXFileReference; lastKnownFileType = folder.assetcatalog; path = Assets.xcassets; sourceTree = "<group>"; };
		558C22982795D39400821AE4 /* Preview Assets.xcassets */ = {isa = PBXFileReference; lastKnownFileType = folder.assetcatalog; path = "Preview Assets.xcassets"; sourceTree = "<group>"; };
		558C22A42795D41B00821AE4 /* MuseumModel.swift */ = {isa = PBXFileReference; lastKnownFileType = sourcecode.swift; path = MuseumModel.swift; sourceTree = "<group>"; };
		558C22A62795D43C00821AE4 /* Museum.swift */ = {isa = PBXFileReference; lastKnownFileType = sourcecode.swift; path = Museum.swift; sourceTree = "<group>"; };
		558C22A82795D44E00821AE4 /* DataService.swift */ = {isa = PBXFileReference; lastKnownFileType = sourcecode.swift; path = DataService.swift; sourceTree = "<group>"; };
		558C22AC2795D49600821AE4 /* MuseumDetailView.swift */ = {isa = PBXFileReference; lastKnownFileType = sourcecode.swift; path = MuseumDetailView.swift; sourceTree = "<group>"; };
		558C22AE2795D4A800821AE4 /* FamousView.swift */ = {isa = PBXFileReference; lastKnownFileType = sourcecode.swift; path = FamousView.swift; sourceTree = "<group>"; };
		558C22B02795D4C000821AE4 /* MuseumCardView.swift */ = {isa = PBXFileReference; lastKnownFileType = sourcecode.swift; path = MuseumCardView.swift; sourceTree = "<group>"; };
		558C22B22795D4D100821AE4 /* buttons.swift */ = {isa = PBXFileReference; lastKnownFileType = sourcecode.swift; path = buttons.swift; sourceTree = "<group>"; };
		558C22B42795D4EA00821AE4 /* UserHomeView.swift */ = {isa = PBXFileReference; lastKnownFileType = sourcecode.swift; path = UserHomeView.swift; sourceTree = "<group>"; };
		558C22B62795D4FE00821AE4 /* SettingView.swift */ = {isa = PBXFileReference; lastKnownFileType = sourcecode.swift; path = SettingView.swift; sourceTree = "<group>"; };
		558C22B82795D51100821AE4 /* ArchieveView.swift */ = {isa = PBXFileReference; lastKnownFileType = sourcecode.swift; path = ArchieveView.swift; sourceTree = "<group>"; };
		558C22BA2795D52300821AE4 /* FavoritesView.swift */ = {isa = PBXFileReference; lastKnownFileType = sourcecode.swift; path = FavoritesView.swift; sourceTree = "<group>"; };
		558C22BC2795D53D00821AE4 /* WishView.swift */ = {isa = PBXFileReference; lastKnownFileType = sourcecode.swift; path = WishView.swift; sourceTree = "<group>"; };
		558C22BE2795D54900821AE4 /* ListView.swift */ = {isa = PBXFileReference; lastKnownFileType = sourcecode.swift; path = ListView.swift; sourceTree = "<group>"; };
		558C22C02795D56600821AE4 /* data.json */ = {isa = PBXFileReference; lastKnownFileType = text.json; path = data.json; sourceTree = "<group>"; };
		558C22C22795D7EF00821AE4 /* BrowseView.swift */ = {isa = PBXFileReference; lastKnownFileType = sourcecode.swift; path = BrowseView.swift; sourceTree = "<group>"; };
/* End PBXFileReference section */

/* Begin PBXFrameworksBuildPhase section */
		558C228B2795D38D00821AE4 /* Frameworks */ = {
			isa = PBXFrameworksBuildPhase;
			buildActionMask = 2147483647;
			files = (
			);
			runOnlyForDeploymentPostprocessing = 0;
		};
/* End PBXFrameworksBuildPhase section */

/* Begin PBXGroup section */
		558C22852795D38D00821AE4 = {
			isa = PBXGroup;
			children = (
				558C22902795D38D00821AE4 /* Museum2022 */,
				558C228F2795D38D00821AE4 /* Products */,
			);
			sourceTree = "<group>";
		};
		558C228F2795D38D00821AE4 /* Products */ = {
			isa = PBXGroup;
			children = (
				558C228E2795D38D00821AE4 /* Museum2022.app */,
			);
			name = Products;
			sourceTree = "<group>";
		};
		558C22902795D38D00821AE4 /* Museum2022 */ = {
			isa = PBXGroup;
			children = (
				558C22912795D38D00821AE4 /* Museum2022App.swift */,
				558C22A02795D3C900821AE4 /* Model */,
				558C22A12795D3D000821AE4 /* ViewModel */,
				558C22A22795D3DE00821AE4 /* View */,
				558C229F2795D3C100821AE4 /* Service */,
				558C22A32795D3E400821AE4 /* Data */,
				558C22952795D39400821AE4 /* Assets.xcassets */,
				558C22972795D39400821AE4 /* Preview Content */,
			);
			path = Museum2022;
			sourceTree = "<group>";
		};
		558C22972795D39400821AE4 /* Preview Content */ = {
			isa = PBXGroup;
			children = (
				558C22982795D39400821AE4 /* Preview Assets.xcassets */,
			);
			path = "Preview Content";
			sourceTree = "<group>";
		};
		558C229F2795D3C100821AE4 /* Service */ = {
			isa = PBXGroup;
			children = (
				558C22A82795D44E00821AE4 /* DataService.swift */,
			);
			path = Service;
			sourceTree = "<group>";
		};
		558C22A02795D3C900821AE4 /* Model */ = {
			isa = PBXGroup;
			children = (
				558C22A62795D43C00821AE4 /* Museum.swift */,
			);
			path = Model;
			sourceTree = "<group>";
		};
		558C22A12795D3D000821AE4 /* ViewModel */ = {
			isa = PBXGroup;
			children = (
				558C22A42795D41B00821AE4 /* MuseumModel.swift */,
			);
			path = ViewModel;
			sourceTree = "<group>";
		};
		558C22A22795D3DE00821AE4 /* View */ = {
			isa = PBXGroup;
			children = (
				558C22932795D38D00821AE4 /* MuseumTabView.swift */,
				558C22C22795D7EF00821AE4 /* BrowseView.swift */,
				558C22BA2795D52300821AE4 /* FavoritesView.swift */,
				558C22B02795D4C000821AE4 /* MuseumCardView.swift */,
				558C22AE2795D4A800821AE4 /* FamousView.swift */,
				558C22AC2795D49600821AE4 /* MuseumDetailView.swift */,
				558C22B22795D4D100821AE4 /* buttons.swift */,
				558C22B42795D4EA00821AE4 /* UserHomeView.swift */,
				558C22B62795D4FE00821AE4 /* SettingView.swift */,
				558C22B82795D51100821AE4 /* ArchieveView.swift */,
				558C22BC2795D53D00821AE4 /* WishView.swift */,
				558C22BE2795D54900821AE4 /* ListView.swift */,
			);
			path = View;
			sourceTree = "<group>";
		};
		558C22A32795D3E400821AE4 /* Data */ = {
			isa = PBXGroup;
			children = (
				558C22C02795D56600821AE4 /* data.json */,
			);
			path = Data;
			sourceTree = "<group>";
		};
/* End PBXGroup section */

/* Begin PBXNativeTarget section */
		558C228D2795D38D00821AE4 /* Museum2022 */ = {
			isa = PBXNativeTarget;
			buildConfigurationList = 558C229C2795D39400821AE4 /* Build configuration list for PBXNativeTarget "Museum2022" */;
			buildPhases = (
				558C228A2795D38D00821AE4 /* Sources */,
				558C228B2795D38D00821AE4 /* Frameworks */,
				558C228C2795D38D00821AE4 /* Resources */,
			);
			buildRules = (
			);
			dependencies = (
			);
			name = Museum2022;
			productName = Museum2022;
			productReference = 558C228E2795D38D00821AE4 /* Museum2022.app */;
			productType = "com.apple.product-type.application";
		};
/* End PBXNativeTarget section */

/* Begin PBXProject section */
		558C22862795D38D00821AE4 /* Project object */ = {
			isa = PBXProject;
			attributes = {
				BuildIndependentTargetsInParallel = 1;
				LastSwiftUpdateCheck = 1320;
				LastUpgradeCheck = 1320;
				TargetAttributes = {
					558C228D2795D38D00821AE4 = {
						CreatedOnToolsVersion = 13.2.1;
					};
				};
			};
			buildConfigurationList = 558C22892795D38D00821AE4 /* Build configuration list for PBXProject "Museum2022" */;
			compatibilityVersion = "Xcode 13.0";
			developmentRegion = en;
			hasScannedForEncodings = 0;
			knownRegions = (
				en,
				Base,
			);
			mainGroup = 558C22852795D38D00821AE4;
			productRefGroup = 558C228F2795D38D00821AE4 /* Products */;
			projectDirPath = "";
			projectRoot = "";
			targets = (
				558C228D2795D38D00821AE4 /* Museum2022 */,
			);
		};
/* End PBXProject section */

/* Begin PBXResourcesBuildPhase section */
		558C228C2795D38D00821AE4 /* Resources */ = {
			isa = PBXResourcesBuildPhase;
			buildActionMask = 2147483647;
			files = (
				558C22992795D39400821AE4 /* Preview Assets.xcassets in Resources */,
				558C22C12795D56600821AE4 /* data.json in Resources */,
				558C22962795D39400821AE4 /* Assets.xcassets in Resources */,
			);
			runOnlyForDeploymentPostprocessing = 0;
		};
/* End PBXResourcesBuildPhase section */

/* Begin PBXSourcesBuildPhase section */
		558C228A2795D38D00821AE4 /* Sources */ = {
			isa = PBXSourcesBuildPhase;
			buildActionMask = 2147483647;
			files = (
				558C22BF2795D54900821AE4 /* ListView.swift in Sources */,
				558C22942795D38D00821AE4 /* MuseumTabView.swift in Sources */,
				558C22B92795D51100821AE4 /* ArchieveView.swift in Sources */,
				558C22B32795D4D100821AE4 /* buttons.swift in Sources */,
				558C22B12795D4C000821AE4 /* MuseumCardView.swift in Sources */,
				558C22BB2795D52300821AE4 /* FavoritesView.swift in Sources */,
				558C22BD2795D53D00821AE4 /* WishView.swift in Sources */,
				558C22AF2795D4A800821AE4 /* FamousView.swift in Sources */,
				558C22C32795D7EF00821AE4 /* BrowseView.swift in Sources */,
				558C22AD2795D49600821AE4 /* MuseumDetailView.swift in Sources */,
				558C22A52795D41B00821AE4 /* MuseumModel.swift in Sources */,
				558C22922795D38D00821AE4 /* Museum2022App.swift in Sources */,
				558C22B52795D4EA00821AE4 /* UserHomeView.swift in Sources */,
				558C22A72795D43C00821AE4 /* Museum.swift in Sources */,
				558C22B72795D4FE00821AE4 /* SettingView.swift in Sources */,
				558C22A92795D44E00821AE4 /* DataService.swift in Sources */,
			);
			runOnlyForDeploymentPostprocessing = 0;
		};
/* End PBXSourcesBuildPhase section */

/* Begin XCBuildConfiguration section */
		558C229A2795D39400821AE4 /* Debug */ = {
			isa = XCBuildConfiguration;
			buildSettings = {
				ALWAYS_SEARCH_USER_PATHS = NO;
				CLANG_ANALYZER_NONNULL = YES;
				CLANG_ANALYZER_NUMBER_OBJECT_CONVERSION = YES_AGGRESSIVE;
				CLANG_CXX_LANGUAGE_STANDARD = "gnu++17";
				CLANG_CXX_LIBRARY = "libc++";
				CLANG_ENABLE_MODULES = YES;
				CLANG_ENABLE_OBJC_ARC = YES;
				CLANG_ENABLE_OBJC_WEAK = YES;
				CLANG_WARN_BLOCK_CAPTURE_AUTORELEASING = YES;
				CLANG_WARN_BOOL_CONVERSION = YES;
				CLANG_WARN_COMMA = YES;
				CLANG_WARN_CONSTANT_CONVERSION = YES;
				CLANG_WARN_DEPRECATED_OBJC_IMPLEMENTATIONS = YES;
				CLANG_WARN_DIRECT_OBJC_ISA_USAGE = YES_ERROR;
				CLANG_WARN_DOCUMENTATION_COMMENTS = YES;
				CLANG_WARN_EMPTY_BODY = YES;
				CLANG_WARN_ENUM_CONVERSION = YES;
				CLANG_WARN_INFINITE_RECURSION = YES;
				CLANG_WARN_INT_CONVERSION = YES;
				CLANG_WARN_NON_LITERAL_NULL_CONVERSION = YES;
				CLANG_WARN_OBJC_IMPLICIT_RETAIN_SELF = YES;
				CLANG_WARN_OBJC_LITERAL_CONVERSION = YES;
				CLANG_WARN_OBJC_ROOT_CLASS = YES_ERROR;
				CLANG_WARN_QUOTED_INCLUDE_IN_FRAMEWORK_HEADER = YES;
				CLANG_WARN_RANGE_LOOP_ANALYSIS = YES;
				CLANG_WARN_STRICT_PROTOTYPES = YES;
				CLANG_WARN_SUSPICIOUS_MOVE = YES;
				CLANG_WARN_UNGUARDED_AVAILABILITY = YES_AGGRESSIVE;
				CLANG_WARN_UNREACHABLE_CODE = YES;
				CLANG_WARN__DUPLICATE_METHOD_MATCH = YES;
				COPY_PHASE_STRIP = NO;
				DEBUG_INFORMATION_FORMAT = dwarf;
				ENABLE_STRICT_OBJC_MSGSEND = YES;
				ENABLE_TESTABILITY = YES;
				GCC_C_LANGUAGE_STANDARD = gnu11;
				GCC_DYNAMIC_NO_PIC = NO;
				GCC_NO_COMMON_BLOCKS = YES;
				GCC_OPTIMIZATION_LEVEL = 0;
				GCC_PREPROCESSOR_DEFINITIONS = (
					"DEBUG=1",
					"$(inherited)",
				);
				GCC_WARN_64_TO_32_BIT_CONVERSION = YES;
				GCC_WARN_ABOUT_RETURN_TYPE = YES_ERROR;
				GCC_WARN_UNDECLARED_SELECTOR = YES;
				GCC_WARN_UNINITIALIZED_AUTOS = YES_AGGRESSIVE;
				GCC_WARN_UNUSED_FUNCTION = YES;
				GCC_WARN_UNUSED_VARIABLE = YES;
				IPHONEOS_DEPLOYMENT_TARGET = 15.2;
				MTL_ENABLE_DEBUG_INFO = INCLUDE_SOURCE;
				MTL_FAST_MATH = YES;
				ONLY_ACTIVE_ARCH = YES;
				SDKROOT = iphoneos;
				SWIFT_ACTIVE_COMPILATION_CONDITIONS = DEBUG;
				SWIFT_OPTIMIZATION_LEVEL = "-Onone";
			};
			name = Debug;
		};
		558C229B2795D39400821AE4 /* Release */ = {
			isa = XCBuildConfiguration;
			buildSettings = {
				ALWAYS_SEARCH_USER_PATHS = NO;
				CLANG_ANALYZER_NONNULL = YES;
				CLANG_ANALYZER_NUMBER_OBJECT_CONVERSION = YES_AGGRESSIVE;
				CLANG_CXX_LANGUAGE_STANDARD = "gnu++17";
				CLANG_CXX_LIBRARY = "libc++";
				CLANG_ENABLE_MODULES = YES;
				CLANG_ENABLE_OBJC_ARC = YES;
				CLANG_ENABLE_OBJC_WEAK = YES;
				CLANG_WARN_BLOCK_CAPTURE_AUTORELEASING = YES;
				CLANG_WARN_BOOL_CONVERSION = YES;
				CLANG_WARN_COMMA = YES;
				CLANG_WARN_CONSTANT_CONVERSION = YES;
				CLANG_WARN_DEPRECATED_OBJC_IMPLEMENTATIONS = YES;
				CLANG_WARN_DIRECT_OBJC_ISA_USAGE = YES_ERROR;
				CLANG_WARN_DOCUMENTATION_COMMENTS = YES;
				CLANG_WARN_EMPTY_BODY = YES;
				CLANG_WARN_ENUM_CONVERSION = YES;
				CLANG_WARN_INFINITE_RECURSION = YES;
				CLANG_WARN_INT_CONVERSION = YES;
				CLANG_WARN_NON_LITERAL_NULL_CONVERSION = YES;
				CLANG_WARN_OBJC_IMPLICIT_RETAIN_SELF = YES;
				CLANG_WARN_OBJC_LITERAL_CONVERSION = YES;
				CLANG_WARN_OBJC_ROOT_CLASS = YES_ERROR;
				CLANG_WARN_QUOTED_INCLUDE_IN_FRAMEWORK_HEADER = YES;
				CLANG_WARN_RANGE_LOOP_ANALYSIS = YES;
				CLANG_WARN_STRICT_PROTOTYPES = YES;
				CLANG_WARN_SUSPICIOUS_MOVE = YES;
				CLANG_WARN_UNGUARDED_AVAILABILITY = YES_AGGRESSIVE;
				CLANG_WARN_UNREACHABLE_CODE = YES;
				CLANG_WARN__DUPLICATE_METHOD_MATCH = YES;
				COPY_PHASE_STRIP = NO;
				DEBUG_INFORMATION_FORMAT = "dwarf-with-dsym";
				ENABLE_NS_ASSERTIONS = NO;
				ENABLE_STRICT_OBJC_MSGSEND = YES;
				GCC_C_LANGUAGE_STANDARD = gnu11;
				GCC_NO_COMMON_BLOCKS = YES;
				GCC_WARN_64_TO_32_BIT_CONVERSION = YES;
				GCC_WARN_ABOUT_RETURN_TYPE = YES_ERROR;
				GCC_WARN_UNDECLARED_SELECTOR = YES;
				GCC_WARN_UNINITIALIZED_AUTOS = YES_AGGRESSIVE;
				GCC_WARN_UNUSED_FUNCTION = YES;
				GCC_WARN_UNUSED_VARIABLE = YES;
				IPHONEOS_DEPLOYMENT_TARGET = 15.2;
				MTL_ENABLE_DEBUG_INFO = NO;
				MTL_FAST_MATH = YES;
				SDKROOT = iphoneos;
				SWIFT_COMPILATION_MODE = wholemodule;
				SWIFT_OPTIMIZATION_LEVEL = "-O";
				VALIDATE_PRODUCT = YES;
			};
			name = Release;
		};
		558C229D2795D39400821AE4 /* Debug */ = {
			isa = XCBuildConfiguration;
			buildSettings = {
				ASSETCATALOG_COMPILER_APPICON_NAME = AppIcon;
				ASSETCATALOG_COMPILER_GLOBAL_ACCENT_COLOR_NAME = AccentColor;
				CODE_SIGN_STYLE = Automatic;
				CURRENT_PROJECT_VERSION = 1;
				DEVELOPMENT_ASSET_PATHS = "\"Museum2022/Preview Content\"";
				ENABLE_PREVIEWS = YES;
				GENERATE_INFOPLIST_FILE = YES;
				INFOPLIST_KEY_UIApplicationSceneManifest_Generation = YES;
				INFOPLIST_KEY_UIApplicationSupportsIndirectInputEvents = YES;
				INFOPLIST_KEY_UILaunchScreen_Generation = YES;
				INFOPLIST_KEY_UISupportedInterfaceOrientations_iPad = "UIInterfaceOrientationPortrait UIInterfaceOrientationPortraitUpsideDown UIInterfaceOrientationLandscapeLeft UIInterfaceOrientationLandscapeRight";
				INFOPLIST_KEY_UISupportedInterfaceOrientations_iPhone = "UIInterfaceOrientationPortrait UIInterfaceOrientationLandscapeLeft UIInterfaceOrientationLandscapeRight";
				LD_RUNPATH_SEARCH_PATHS = (
					"$(inherited)",
					"@executable_path/Frameworks",
				);
				MARKETING_VERSION = 1.0;
				PRODUCT_BUNDLE_IDENTIFIER = com.stellaylo267.Museum2022;
				PRODUCT_NAME = "$(TARGET_NAME)";
				SWIFT_EMIT_LOC_STRINGS = YES;
				SWIFT_VERSION = 5.0;
				TARGETED_DEVICE_FAMILY = "1,2";
			};
			name = Debug;
		};
		558C229E2795D39400821AE4 /* Release */ = {
			isa = XCBuildConfiguration;
			buildSettings = {
				ASSETCATALOG_COMPILER_APPICON_NAME = AppIcon;
				ASSETCATALOG_COMPILER_GLOBAL_ACCENT_COLOR_NAME = AccentColor;
				CODE_SIGN_STYLE = Automatic;
				CURRENT_PROJECT_VERSION = 1;
				DEVELOPMENT_ASSET_PATHS = "\"Museum2022/Preview Content\"";
				ENABLE_PREVIEWS = YES;
				GENERATE_INFOPLIST_FILE = YES;
				INFOPLIST_KEY_UIApplicationSceneManifest_Generation = YES;
				INFOPLIST_KEY_UIApplicationSupportsIndirectInputEvents = YES;
				INFOPLIST_KEY_UILaunchScreen_Generation = YES;
				INFOPLIST_KEY_UISupportedInterfaceOrientations_iPad = "UIInterfaceOrientationPortrait UIInterfaceOrientationPortraitUpsideDown UIInterfaceOrientationLandscapeLeft UIInterfaceOrientationLandscapeRight";
				INFOPLIST_KEY_UISupportedInterfaceOrientations_iPhone = "UIInterfaceOrientationPortrait UIInterfaceOrientationLandscapeLeft UIInterfaceOrientationLandscapeRight";
				LD_RUNPATH_SEARCH_PATHS = (
					"$(inherited)",
					"@executable_path/Frameworks",
				);
				MARKETING_VERSION = 1.0;
				PRODUCT_BUNDLE_IDENTIFIER = com.stellaylo267.Museum2022;
				PRODUCT_NAME = "$(TARGET_NAME)";
				SWIFT_EMIT_LOC_STRINGS = YES;
				SWIFT_VERSION = 5.0;
				TARGETED_DEVICE_FAMILY = "1,2";
			};
			name = Release;
		};
/* End XCBuildConfiguration section */

/* Begin XCConfigurationList section */
		558C22892795D38D00821AE4 /* Build configuration list for PBXProject "Museum2022" */ = {
			isa = XCConfigurationList;
			buildConfigurations = (
				558C229A2795D39400821AE4 /* Debug */,
				558C229B2795D39400821AE4 /* Release */,
			);
			defaultConfigurationIsVisible = 0;
			defaultConfigurationName = Release;
		};
		558C229C2795D39400821AE4 /* Build configuration list for PBXNativeTarget "Museum2022" */ = {
			isa = XCConfigurationList;
			buildConfigurations = (
				558C229D2795D39400821AE4 /* Debug */,
				558C229E2795D39400821AE4 /* Release */,
			);
			defaultConfigurationIsVisible = 0;
			defaultConfigurationName = Release;
		};
/* End XCConfigurationList section */
	};
	rootObject = 558C22862795D38D00821AE4 /* Project object */;
}
